
Microsoft Visual Studio Solution File, Format Version 12.00
# Visual Studio 15
VisualStudioVersion = 15.0.28010.2036
MinimumVisualStudioVersion = 10.0.40219.1
Project("{FAE04EC0-301F-11D3-BF4B-00C04F79EFBC}") = "GoogleDriveRestAPI_v3", "GoogleDriveRestAPI_v3\GoogleDriveRestAPI_v3.csproj", "{60EFABF8-CD05-49EA-9422-FDD7EB94C814}"
EndProject
Global
	GlobalSection(SolutionConfigurationPlatforms) = preSolution
		Debug|Any CPU = Debug|Any CPU
		Release|Any CPU = Release|Any CPU
	EndGlobalSection
	GlobalSection(ProjectConfigurationPlatforms) = postSolution
		{60EFABF8-CD05-49EA-9422-FDD7EB94C814}.Debug|Any CPU.ActiveCfg = Debug|Any CPU
		{60EFABF8-CD05-49EA-9422-FDD7EB94C814}.Debug|Any CPU.Build.0 = Debug|Any CPU
		{60EFABF8-CD05-49EA-9422-FDD7EB94C814}.Release|Any CPU.ActiveCfg = Release|Any CPU
		{60EFABF8-CD05-49EA-9422-FDD7EB94C814}.Release|Any CPU.Build.0 = Release|Any CPU
	EndGlobalSection
	GlobalSection(SolutionProperties) = preSolution
		HideSolutionNode = FALSE
	EndGlobalSection
	GlobalSection(ExtensibilityGlobals) = postSolution
		SolutionGuid = {529E348D-600F-4B81-8A06-70439F8CA7E0}
	EndGlobalSection
EndGlobal
