
Microsoft Visual Studio Solution File, Format Version 12.00
# Visual Studio 15
VisualStudioVersion = 15.0.28010.2003
MinimumVisualStudioVersion = 10.0.40219.1
Project("{FAE04EC0-301F-11D3-BF4B-00C04F79EFBC}") = "ArrAndString1.1", "ArrAndString1.1\ArrAndString1.1.csproj", "{16BBE1D2-7C76-4622-9931-B9FFFCEAA70C}"
EndProject
Global
	GlobalSection(SolutionConfigurationPlatforms) = preSolution
		Debug|Any CPU = Debug|Any CPU
		Release|Any CPU = Release|Any CPU
	EndGlobalSection
	GlobalSection(ProjectConfigurationPlatforms) = postSolution
		{16BBE1D2-7C76-4622-9931-B9FFFCEAA70C}.Debug|Any CPU.ActiveCfg = Debug|Any CPU
		{16BBE1D2-7C76-4622-9931-B9FFFCEAA70C}.Debug|Any CPU.Build.0 = Debug|Any CPU
		{16BBE1D2-7C76-4622-9931-B9FFFCEAA70C}.Release|Any CPU.ActiveCfg = Release|Any CPU
		{16BBE1D2-7C76-4622-9931-B9FFFCEAA70C}.Release|Any CPU.Build.0 = Release|Any CPU
	EndGlobalSection
	GlobalSection(SolutionProperties) = preSolution
		HideSolutionNode = FALSE
	EndGlobalSection
	GlobalSection(ExtensibilityGlobals) = postSolution
		SolutionGuid = {A2C825D7-7A2E-4FA7-8252-7E14535BED7D}
	EndGlobalSection
EndGlobal
