
Microsoft Visual Studio Solution File, Format Version 12.00
# Visual Studio 15
VisualStudioVersion = 15.0.27703.2026
MinimumVisualStudioVersion = 10.0.40219.1
Project("{FAE04EC0-301F-11D3-BF4B-00C04F79EFBC}") = "Math Quiz", "Math Quiz\Math Quiz.csproj", "{C6FA1D83-0CFA-4E28-962E-02460268D3BC}"
EndProject
Global
	GlobalSection(SolutionConfigurationPlatforms) = preSolution
		Debug|Any CPU = Debug|Any CPU
		Release|Any CPU = Release|Any CPU
	EndGlobalSection
	GlobalSection(ProjectConfigurationPlatforms) = postSolution
		{C6FA1D83-0CFA-4E28-962E-02460268D3BC}.Debug|Any CPU.ActiveCfg = Debug|Any CPU
		{C6FA1D83-0CFA-4E28-962E-02460268D3BC}.Debug|Any CPU.Build.0 = Debug|Any CPU
		{C6FA1D83-0CFA-4E28-962E-02460268D3BC}.Release|Any CPU.ActiveCfg = Release|Any CPU
		{C6FA1D83-0CFA-4E28-962E-02460268D3BC}.Release|Any CPU.Build.0 = Release|Any CPU
	EndGlobalSection
	GlobalSection(SolutionProperties) = preSolution
		HideSolutionNode = FALSE
	EndGlobalSection
	GlobalSection(ExtensibilityGlobals) = postSolution
		SolutionGuid = {36B57731-8FCF-445F-86A0-D0A81D48C6C4}
	EndGlobalSection
EndGlobal
