
Microsoft Visual Studio Solution File, Format Version 12.00
# Visual Studio 15
VisualStudioVersion = 15.0.28010.2003
MinimumVisualStudioVersion = 10.0.40219.1
Project("{FAE04EC0-301F-11D3-BF4B-00C04F79EFBC}") = "HelloWorld1.Android", "HelloWorld1\HelloWorld1.Android\HelloWorld1.Android.csproj", "{1B7F5A1A-F86B-4ED0-819B-714829614F78}"
EndProject
Project("{FAE04EC0-301F-11D3-BF4B-00C04F79EFBC}") = "HelloWorld1.iOS", "HelloWorld1\HelloWorld1.iOS\HelloWorld1.iOS.csproj", "{04B0A1E2-EA23-40F8-9B3E-07D8F2AEC4B4}"
EndProject
Project("{D954291E-2A0B-460D-934E-DC6B0785DB48}") = "HelloWorld1", "HelloWorld1\HelloWorld1\HelloWorld1.shproj", "{2118E1CD-5AD5-44CC-A58C-47CC57107873}"
EndProject
Global
	GlobalSection(SharedMSBuildProjectFiles) = preSolution
		HelloWorld1\HelloWorld1\HelloWorld1.projitems*{04b0a1e2-ea23-40f8-9b3e-07d8f2aec4b4}*SharedItemsImports = 4
		HelloWorld1\HelloWorld1\HelloWorld1.projitems*{1b7f5a1a-f86b-4ed0-819b-714829614f78}*SharedItemsImports = 4
		HelloWorld1\HelloWorld1\HelloWorld1.projitems*{2118e1cd-5ad5-44cc-a58c-47cc57107873}*SharedItemsImports = 13
	EndGlobalSection
	GlobalSection(SolutionConfigurationPlatforms) = preSolution
		Ad-Hoc|Any CPU = Ad-Hoc|Any CPU
		Ad-Hoc|iPhone = Ad-Hoc|iPhone
		Ad-Hoc|iPhoneSimulator = Ad-Hoc|iPhoneSimulator
		AppStore|Any CPU = AppStore|Any CPU
		AppStore|iPhone = AppStore|iPhone
		AppStore|iPhoneSimulator = AppStore|iPhoneSimulator
		Debug|Any CPU = Debug|Any CPU
		Debug|iPhone = Debug|iPhone
		Debug|iPhoneSimulator = Debug|iPhoneSimulator
		Release|Any CPU = Release|Any CPU
		Release|iPhone = Release|iPhone
		Release|iPhoneSimulator = Release|iPhoneSimulator
	EndGlobalSection
	GlobalSection(ProjectConfigurationPlatforms) = postSolution
		{1B7F5A1A-F86B-4ED0-819B-714829614F78}.Ad-Hoc|Any CPU.ActiveCfg = Release|Any CPU
		{1B7F5A1A-F86B-4ED0-819B-714829614F78}.Ad-Hoc|Any CPU.Build.0 = Release|Any CPU
		{1B7F5A1A-F86B-4ED0-819B-714829614F78}.Ad-Hoc|Any CPU.Deploy.0 = Release|Any CPU
		{1B7F5A1A-F86B-4ED0-819B-714829614F78}.Ad-Hoc|iPhone.ActiveCfg = Release|Any CPU
		{1B7F5A1A-F86B-4ED0-819B-714829614F78}.Ad-Hoc|iPhone.Build.0 = Release|Any CPU
		{1B7F5A1A-F86B-4ED0-819B-714829614F78}.Ad-Hoc|iPhone.Deploy.0 = Release|Any CPU
		{1B7F5A1A-F86B-4ED0-819B-714829614F78}.Ad-Hoc|iPhoneSimulator.ActiveCfg = Release|Any CPU
		{1B7F5A1A-F86B-4ED0-819B-714829614F78}.Ad-Hoc|iPhoneSimulator.Build.0 = Release|Any CPU
		{1B7F5A1A-F86B-4ED0-819B-714829614F78}.Ad-Hoc|iPhoneSimulator.Deploy.0 = Release|Any CPU
		{1B7F5A1A-F86B-4ED0-819B-714829614F78}.AppStore|Any CPU.ActiveCfg = Release|Any CPU
		{1B7F5A1A-F86B-4ED0-819B-714829614F78}.AppStore|Any CPU.Build.0 = Release|Any CPU
		{1B7F5A1A-F86B-4ED0-819B-714829614F78}.AppStore|Any CPU.Deploy.0 = Release|Any CPU
		{1B7F5A1A-F86B-4ED0-819B-714829614F78}.AppStore|iPhone.ActiveCfg = Release|Any CPU
		{1B7F5A1A-F86B-4ED0-819B-714829614F78}.AppStore|iPhone.Build.0 = Release|Any CPU
		{1B7F5A1A-F86B-4ED0-819B-714829614F78}.AppStore|iPhone.Deploy.0 = Release|Any CPU
		{1B7F5A1A-F86B-4ED0-819B-714829614F78}.AppStore|iPhoneSimulator.ActiveCfg = Release|Any CPU
		{1B7F5A1A-F86B-4ED0-819B-714829614F78}.AppStore|iPhoneSimulator.Build.0 = Release|Any CPU
		{1B7F5A1A-F86B-4ED0-819B-714829614F78}.AppStore|iPhoneSimulator.Deploy.0 = Release|Any CPU
		{1B7F5A1A-F86B-4ED0-819B-714829614F78}.Debug|Any CPU.ActiveCfg = Debug|Any CPU
		{1B7F5A1A-F86B-4ED0-819B-714829614F78}.Debug|Any CPU.Build.0 = Debug|Any CPU
		{1B7F5A1A-F86B-4ED0-819B-714829614F78}.Debug|Any CPU.Deploy.0 = Debug|Any CPU
		{1B7F5A1A-F86B-4ED0-819B-714829614F78}.Debug|iPhone.ActiveCfg = Debug|Any CPU
		{1B7F5A1A-F86B-4ED0-819B-714829614F78}.Debug|iPhone.Build.0 = Debug|Any CPU
		{1B7F5A1A-F86B-4ED0-819B-714829614F78}.Debug|iPhone.Deploy.0 = Debug|Any CPU
		{1B7F5A1A-F86B-4ED0-819B-714829614F78}.Debug|iPhoneSimulator.ActiveCfg = Debug|Any CPU
		{1B7F5A1A-F86B-4ED0-819B-714829614F78}.Debug|iPhoneSimulator.Build.0 = Debug|Any CPU
		{1B7F5A1A-F86B-4ED0-819B-714829614F78}.Debug|iPhoneSimulator.Deploy.0 = Debug|Any CPU
		{1B7F5A1A-F86B-4ED0-819B-714829614F78}.Release|Any CPU.ActiveCfg = Release|Any CPU
		{1B7F5A1A-F86B-4ED0-819B-714829614F78}.Release|Any CPU.Build.0 = Release|Any CPU
		{1B7F5A1A-F86B-4ED0-819B-714829614F78}.Release|Any CPU.Deploy.0 = Release|Any CPU
		{1B7F5A1A-F86B-4ED0-819B-714829614F78}.Release|iPhone.ActiveCfg = Release|Any CPU
		{1B7F5A1A-F86B-4ED0-819B-714829614F78}.Release|iPhone.Build.0 = Release|Any CPU
		{1B7F5A1A-F86B-4ED0-819B-714829614F78}.Release|iPhone.Deploy.0 = Release|Any CPU
		{1B7F5A1A-F86B-4ED0-819B-714829614F78}.Release|iPhoneSimulator.ActiveCfg = Release|Any CPU
		{1B7F5A1A-F86B-4ED0-819B-714829614F78}.Release|iPhoneSimulator.Build.0 = Release|Any CPU
		{1B7F5A1A-F86B-4ED0-819B-714829614F78}.Release|iPhoneSimulator.Deploy.0 = Release|Any CPU
		{04B0A1E2-EA23-40F8-9B3E-07D8F2AEC4B4}.Ad-Hoc|Any CPU.ActiveCfg = Ad-Hoc|iPhone
		{04B0A1E2-EA23-40F8-9B3E-07D8F2AEC4B4}.Ad-Hoc|Any CPU.Build.0 = Ad-Hoc|iPhone
		{04B0A1E2-EA23-40F8-9B3E-07D8F2AEC4B4}.Ad-Hoc|Any CPU.Deploy.0 = Ad-Hoc|iPhone
		{04B0A1E2-EA23-40F8-9B3E-07D8F2AEC4B4}.Ad-Hoc|iPhone.ActiveCfg = Ad-Hoc|iPhone
		{04B0A1E2-EA23-40F8-9B3E-07D8F2AEC4B4}.Ad-Hoc|iPhone.Build.0 = Ad-Hoc|iPhone
		{04B0A1E2-EA23-40F8-9B3E-07D8F2AEC4B4}.Ad-Hoc|iPhone.Deploy.0 = Ad-Hoc|iPhone
		{04B0A1E2-EA23-40F8-9B3E-07D8F2AEC4B4}.Ad-Hoc|iPhoneSimulator.ActiveCfg = Ad-Hoc|iPhoneSimulator
		{04B0A1E2-EA23-40F8-9B3E-07D8F2AEC4B4}.Ad-Hoc|iPhoneSimulator.Build.0 = Ad-Hoc|iPhoneSimulator
		{04B0A1E2-EA23-40F8-9B3E-07D8F2AEC4B4}.Ad-Hoc|iPhoneSimulator.Deploy.0 = Ad-Hoc|iPhoneSimulator
		{04B0A1E2-EA23-40F8-9B3E-07D8F2AEC4B4}.AppStore|Any CPU.ActiveCfg = AppStore|iPhone
		{04B0A1E2-EA23-40F8-9B3E-07D8F2AEC4B4}.AppStore|Any CPU.Build.0 = AppStore|iPhone
		{04B0A1E2-EA23-40F8-9B3E-07D8F2AEC4B4}.AppStore|Any CPU.Deploy.0 = AppStore|iPhone
		{04B0A1E2-EA23-40F8-9B3E-07D8F2AEC4B4}.AppStore|iPhone.ActiveCfg = AppStore|iPhone
		{04B0A1E2-EA23-40F8-9B3E-07D8F2AEC4B4}.AppStore|iPhone.Build.0 = AppStore|iPhone
		{04B0A1E2-EA23-40F8-9B3E-07D8F2AEC4B4}.AppStore|iPhone.Deploy.0 = AppStore|iPhone
		{04B0A1E2-EA23-40F8-9B3E-07D8F2AEC4B4}.AppStore|iPhoneSimulator.ActiveCfg = AppStore|iPhoneSimulator
		{04B0A1E2-EA23-40F8-9B3E-07D8F2AEC4B4}.AppStore|iPhoneSimulator.Build.0 = AppStore|iPhoneSimulator
		{04B0A1E2-EA23-40F8-9B3E-07D8F2AEC4B4}.AppStore|iPhoneSimulator.Deploy.0 = AppStore|iPhoneSimulator
		{04B0A1E2-EA23-40F8-9B3E-07D8F2AEC4B4}.Debug|Any CPU.ActiveCfg = Debug|iPhoneSimulator
		{04B0A1E2-EA23-40F8-9B3E-07D8F2AEC4B4}.Debug|Any CPU.Build.0 = Debug|iPhoneSimulator
		{04B0A1E2-EA23-40F8-9B3E-07D8F2AEC4B4}.Debug|Any CPU.Deploy.0 = Debug|iPhoneSimulator
		{04B0A1E2-EA23-40F8-9B3E-07D8F2AEC4B4}.Debug|iPhone.ActiveCfg = Debug|iPhone
		{04B0A1E2-EA23-40F8-9B3E-07D8F2AEC4B4}.Debug|iPhone.Build.0 = Debug|iPhone
		{04B0A1E2-EA23-40F8-9B3E-07D8F2AEC4B4}.Debug|iPhone.Deploy.0 = Debug|iPhone
		{04B0A1E2-EA23-40F8-9B3E-07D8F2AEC4B4}.Debug|iPhoneSimulator.ActiveCfg = Debug|iPhoneSimulator
		{04B0A1E2-EA23-40F8-9B3E-07D8F2AEC4B4}.Debug|iPhoneSimulator.Build.0 = Debug|iPhoneSimulator
		{04B0A1E2-EA23-40F8-9B3E-07D8F2AEC4B4}.Debug|iPhoneSimulator.Deploy.0 = Debug|iPhoneSimulator
		{04B0A1E2-EA23-40F8-9B3E-07D8F2AEC4B4}.Release|Any CPU.ActiveCfg = Release|iPhone
		{04B0A1E2-EA23-40F8-9B3E-07D8F2AEC4B4}.Release|Any CPU.Build.0 = Release|iPhone
		{04B0A1E2-EA23-40F8-9B3E-07D8F2AEC4B4}.Release|Any CPU.Deploy.0 = Release|iPhone
		{04B0A1E2-EA23-40F8-9B3E-07D8F2AEC4B4}.Release|iPhone.ActiveCfg = Release|iPhone
		{04B0A1E2-EA23-40F8-9B3E-07D8F2AEC4B4}.Release|iPhone.Build.0 = Release|iPhone
		{04B0A1E2-EA23-40F8-9B3E-07D8F2AEC4B4}.Release|iPhone.Deploy.0 = Release|iPhone
		{04B0A1E2-EA23-40F8-9B3E-07D8F2AEC4B4}.Release|iPhoneSimulator.ActiveCfg = Release|iPhoneSimulator
		{04B0A1E2-EA23-40F8-9B3E-07D8F2AEC4B4}.Release|iPhoneSimulator.Build.0 = Release|iPhoneSimulator
		{04B0A1E2-EA23-40F8-9B3E-07D8F2AEC4B4}.Release|iPhoneSimulator.Deploy.0 = Release|iPhoneSimulator
	EndGlobalSection
	GlobalSection(SolutionProperties) = preSolution
		HideSolutionNode = FALSE
	EndGlobalSection
	GlobalSection(ExtensibilityGlobals) = postSolution
		SolutionGuid = {8E588EE9-B6FA-4F3E-AD51-63892D3B448F}
	EndGlobalSection
EndGlobal
