
Microsoft Visual Studio Solution File, Format Version 12.00
# Visual Studio 15
VisualStudioVersion = 15.0.28010.2019
MinimumVisualStudioVersion = 10.0.40219.1
Project("{FAE04EC0-301F-11D3-BF4B-00C04F79EFBC}") = "QckST", "QckST\QckST.csproj", "{A332CDF5-D2FF-4B51-8972-21D6DE913EC8}"
EndProject
Global
	GlobalSection(SolutionConfigurationPlatforms) = preSolution
		Debug|Any CPU = Debug|Any CPU
		Release|Any CPU = Release|Any CPU
	EndGlobalSection
	GlobalSection(ProjectConfigurationPlatforms) = postSolution
		{A332CDF5-D2FF-4B51-8972-21D6DE913EC8}.Debug|Any CPU.ActiveCfg = Debug|Any CPU
		{A332CDF5-D2FF-4B51-8972-21D6DE913EC8}.Debug|Any CPU.Build.0 = Debug|Any CPU
		{A332CDF5-D2FF-4B51-8972-21D6DE913EC8}.Release|Any CPU.ActiveCfg = Release|Any CPU
		{A332CDF5-D2FF-4B51-8972-21D6DE913EC8}.Release|Any CPU.Build.0 = Release|Any CPU
	EndGlobalSection
	GlobalSection(SolutionProperties) = preSolution
		HideSolutionNode = FALSE
	EndGlobalSection
	GlobalSection(ExtensibilityGlobals) = postSolution
		SolutionGuid = {C981A681-4870-46AA-95A8-8A028C43BEE3}
	EndGlobalSection
EndGlobal
