
Microsoft Visual Studio Solution File, Format Version 12.00
# Visual Studio 15
VisualStudioVersion = 15.0.27703.2000
MinimumVisualStudioVersion = 10.0.40219.1
Project("{FAE04EC0-301F-11D3-BF4B-00C04F79EFBC}") = "CS_IKM", "CS_IKM\CS_IKM.csproj", "{DC44A898-A567-4514-8FC2-92B575DDEEE7}"
EndProject
Global
	GlobalSection(SolutionConfigurationPlatforms) = preSolution
		Debug|Any CPU = Debug|Any CPU
		Release|Any CPU = Release|Any CPU
	EndGlobalSection
	GlobalSection(ProjectConfigurationPlatforms) = postSolution
		{DC44A898-A567-4514-8FC2-92B575DDEEE7}.Debug|Any CPU.ActiveCfg = Debug|Any CPU
		{DC44A898-A567-4514-8FC2-92B575DDEEE7}.Debug|Any CPU.Build.0 = Debug|Any CPU
		{DC44A898-A567-4514-8FC2-92B575DDEEE7}.Release|Any CPU.ActiveCfg = Release|Any CPU
		{DC44A898-A567-4514-8FC2-92B575DDEEE7}.Release|Any CPU.Build.0 = Release|Any CPU
	EndGlobalSection
	GlobalSection(SolutionProperties) = preSolution
		HideSolutionNode = FALSE
	EndGlobalSection
	GlobalSection(ExtensibilityGlobals) = postSolution
		SolutionGuid = {31D089DB-8160-4C8D-897A-52C4066A00B1}
	EndGlobalSection
EndGlobal
