
Microsoft Visual Studio Solution File, Format Version 12.00
# Visual Studio 15
VisualStudioVersion = 15.0.28010.2019
MinimumVisualStudioVersion = 10.0.40219.1
Project("{FAE04EC0-301F-11D3-BF4B-00C04F79EFBC}") = "TestingNuget", "TestingNuget\TestingNuget.csproj", "{47201217-A1DE-4FD7-9217-8AFA17231056}"
EndProject
Global
	GlobalSection(SolutionConfigurationPlatforms) = preSolution
		Debug|Any CPU = Debug|Any CPU
		Release|Any CPU = Release|Any CPU
	EndGlobalSection
	GlobalSection(ProjectConfigurationPlatforms) = postSolution
		{47201217-A1DE-4FD7-9217-8AFA17231056}.Debug|Any CPU.ActiveCfg = Debug|Any CPU
		{47201217-A1DE-4FD7-9217-8AFA17231056}.Debug|Any CPU.Build.0 = Debug|Any CPU
		{47201217-A1DE-4FD7-9217-8AFA17231056}.Release|Any CPU.ActiveCfg = Release|Any CPU
		{47201217-A1DE-4FD7-9217-8AFA17231056}.Release|Any CPU.Build.0 = Release|Any CPU
	EndGlobalSection
	GlobalSection(SolutionProperties) = preSolution
		HideSolutionNode = FALSE
	EndGlobalSection
	GlobalSection(ExtensibilityGlobals) = postSolution
		SolutionGuid = {1F76BE90-703D-4CCB-A39F-F6A473641019}
	EndGlobalSection
EndGlobal
