
Microsoft Visual Studio Solution File, Format Version 12.00
# Visual Studio 15
VisualStudioVersion = 15.0.27703.2026
MinimumVisualStudioVersion = 10.0.40219.1
Project("{FAE04EC0-301F-11D3-BF4B-00C04F79EFBC}") = "Inheritance", "Inheritance\Inheritance.csproj", "{6BAA2A7E-5A22-42B8-B8E5-F87D12EC4D77}"
EndProject
Global
	GlobalSection(SolutionConfigurationPlatforms) = preSolution
		Debug|Any CPU = Debug|Any CPU
		Release|Any CPU = Release|Any CPU
	EndGlobalSection
	GlobalSection(ProjectConfigurationPlatforms) = postSolution
		{6BAA2A7E-5A22-42B8-B8E5-F87D12EC4D77}.Debug|Any CPU.ActiveCfg = Debug|Any CPU
		{6BAA2A7E-5A22-42B8-B8E5-F87D12EC4D77}.Debug|Any CPU.Build.0 = Debug|Any CPU
		{6BAA2A7E-5A22-42B8-B8E5-F87D12EC4D77}.Release|Any CPU.ActiveCfg = Release|Any CPU
		{6BAA2A7E-5A22-42B8-B8E5-F87D12EC4D77}.Release|Any CPU.Build.0 = Release|Any CPU
	EndGlobalSection
	GlobalSection(SolutionProperties) = preSolution
		HideSolutionNode = FALSE
	EndGlobalSection
	GlobalSection(ExtensibilityGlobals) = postSolution
		SolutionGuid = {8B577E88-2DCD-4F70-AC89-C367EC7DB338}
	EndGlobalSection
EndGlobal
