
Microsoft Visual Studio Solution File, Format Version 12.00
# Visual Studio 15
VisualStudioVersion = 15.0.28010.2026
MinimumVisualStudioVersion = 10.0.40219.1
Project("{FAE04EC0-301F-11D3-BF4B-00C04F79EFBC}") = "AppPlayGround.Android", "AppPlayGround\AppPlayGround.Android\AppPlayGround.Android.csproj", "{24CE3C36-16B9-426D-AA0C-5961ECF8D88C}"
EndProject
Project("{FAE04EC0-301F-11D3-BF4B-00C04F79EFBC}") = "AppPlayGround.iOS", "AppPlayGround\AppPlayGround.iOS\AppPlayGround.iOS.csproj", "{52D8BF91-D35F-4095-BFA0-BE43A4C62DB5}"
EndProject
Project("{FAE04EC0-301F-11D3-BF4B-00C04F79EFBC}") = "AppPlayGround", "AppPlayGround\AppPlayGround\AppPlayGround.csproj", "{749D148C-4867-4931-9E12-5CCD63625D18}"
EndProject
Global
	GlobalSection(SolutionConfigurationPlatforms) = preSolution
		Debug|Any CPU = Debug|Any CPU
		Debug|iPhone = Debug|iPhone
		Debug|iPhoneSimulator = Debug|iPhoneSimulator
		Release|Any CPU = Release|Any CPU
		Release|iPhone = Release|iPhone
		Release|iPhoneSimulator = Release|iPhoneSimulator
	EndGlobalSection
	GlobalSection(ProjectConfigurationPlatforms) = postSolution
		{24CE3C36-16B9-426D-AA0C-5961ECF8D88C}.Debug|Any CPU.ActiveCfg = Debug|Any CPU
		{24CE3C36-16B9-426D-AA0C-5961ECF8D88C}.Debug|Any CPU.Build.0 = Debug|Any CPU
		{24CE3C36-16B9-426D-AA0C-5961ECF8D88C}.Debug|Any CPU.Deploy.0 = Debug|Any CPU
		{24CE3C36-16B9-426D-AA0C-5961ECF8D88C}.Debug|iPhone.ActiveCfg = Debug|Any CPU
		{24CE3C36-16B9-426D-AA0C-5961ECF8D88C}.Debug|iPhone.Build.0 = Debug|Any CPU
		{24CE3C36-16B9-426D-AA0C-5961ECF8D88C}.Debug|iPhone.Deploy.0 = Debug|Any CPU
		{24CE3C36-16B9-426D-AA0C-5961ECF8D88C}.Debug|iPhoneSimulator.ActiveCfg = Debug|Any CPU
		{24CE3C36-16B9-426D-AA0C-5961ECF8D88C}.Debug|iPhoneSimulator.Build.0 = Debug|Any CPU
		{24CE3C36-16B9-426D-AA0C-5961ECF8D88C}.Debug|iPhoneSimulator.Deploy.0 = Debug|Any CPU
		{24CE3C36-16B9-426D-AA0C-5961ECF8D88C}.Release|Any CPU.ActiveCfg = Release|Any CPU
		{24CE3C36-16B9-426D-AA0C-5961ECF8D88C}.Release|Any CPU.Build.0 = Release|Any CPU
		{24CE3C36-16B9-426D-AA0C-5961ECF8D88C}.Release|Any CPU.Deploy.0 = Release|Any CPU
		{24CE3C36-16B9-426D-AA0C-5961ECF8D88C}.Release|iPhone.ActiveCfg = Release|Any CPU
		{24CE3C36-16B9-426D-AA0C-5961ECF8D88C}.Release|iPhone.Build.0 = Release|Any CPU
		{24CE3C36-16B9-426D-AA0C-5961ECF8D88C}.Release|iPhone.Deploy.0 = Release|Any CPU
		{24CE3C36-16B9-426D-AA0C-5961ECF8D88C}.Release|iPhoneSimulator.ActiveCfg = Release|Any CPU
		{24CE3C36-16B9-426D-AA0C-5961ECF8D88C}.Release|iPhoneSimulator.Build.0 = Release|Any CPU
		{24CE3C36-16B9-426D-AA0C-5961ECF8D88C}.Release|iPhoneSimulator.Deploy.0 = Release|Any CPU
		{52D8BF91-D35F-4095-BFA0-BE43A4C62DB5}.Debug|Any CPU.ActiveCfg = Debug|iPhoneSimulator
		{52D8BF91-D35F-4095-BFA0-BE43A4C62DB5}.Debug|Any CPU.Build.0 = Debug|iPhoneSimulator
		{52D8BF91-D35F-4095-BFA0-BE43A4C62DB5}.Debug|Any CPU.Deploy.0 = Debug|iPhoneSimulator
		{52D8BF91-D35F-4095-BFA0-BE43A4C62DB5}.Debug|iPhone.ActiveCfg = Debug|iPhone
		{52D8BF91-D35F-4095-BFA0-BE43A4C62DB5}.Debug|iPhone.Build.0 = Debug|iPhone
		{52D8BF91-D35F-4095-BFA0-BE43A4C62DB5}.Debug|iPhone.Deploy.0 = Debug|iPhone
		{52D8BF91-D35F-4095-BFA0-BE43A4C62DB5}.Debug|iPhoneSimulator.ActiveCfg = Debug|iPhoneSimulator
		{52D8BF91-D35F-4095-BFA0-BE43A4C62DB5}.Debug|iPhoneSimulator.Build.0 = Debug|iPhoneSimulator
		{52D8BF91-D35F-4095-BFA0-BE43A4C62DB5}.Debug|iPhoneSimulator.Deploy.0 = Debug|iPhoneSimulator
		{52D8BF91-D35F-4095-BFA0-BE43A4C62DB5}.Release|Any CPU.ActiveCfg = Release|iPhone
		{52D8BF91-D35F-4095-BFA0-BE43A4C62DB5}.Release|Any CPU.Build.0 = Release|iPhone
		{52D8BF91-D35F-4095-BFA0-BE43A4C62DB5}.Release|Any CPU.Deploy.0 = Release|iPhone
		{52D8BF91-D35F-4095-BFA0-BE43A4C62DB5}.Release|iPhone.ActiveCfg = Release|iPhone
		{52D8BF91-D35F-4095-BFA0-BE43A4C62DB5}.Release|iPhone.Build.0 = Release|iPhone
		{52D8BF91-D35F-4095-BFA0-BE43A4C62DB5}.Release|iPhone.Deploy.0 = Release|iPhone
		{52D8BF91-D35F-4095-BFA0-BE43A4C62DB5}.Release|iPhoneSimulator.ActiveCfg = Release|iPhoneSimulator
		{52D8BF91-D35F-4095-BFA0-BE43A4C62DB5}.Release|iPhoneSimulator.Build.0 = Release|iPhoneSimulator
		{52D8BF91-D35F-4095-BFA0-BE43A4C62DB5}.Release|iPhoneSimulator.Deploy.0 = Release|iPhoneSimulator
		{749D148C-4867-4931-9E12-5CCD63625D18}.Debug|Any CPU.ActiveCfg = Debug|Any CPU
		{749D148C-4867-4931-9E12-5CCD63625D18}.Debug|Any CPU.Build.0 = Debug|Any CPU
		{749D148C-4867-4931-9E12-5CCD63625D18}.Debug|Any CPU.Deploy.0 = Debug|Any CPU
		{749D148C-4867-4931-9E12-5CCD63625D18}.Debug|iPhone.ActiveCfg = Debug|Any CPU
		{749D148C-4867-4931-9E12-5CCD63625D18}.Debug|iPhone.Build.0 = Debug|Any CPU
		{749D148C-4867-4931-9E12-5CCD63625D18}.Debug|iPhone.Deploy.0 = Debug|Any CPU
		{749D148C-4867-4931-9E12-5CCD63625D18}.Debug|iPhoneSimulator.ActiveCfg = Debug|Any CPU
		{749D148C-4867-4931-9E12-5CCD63625D18}.Debug|iPhoneSimulator.Build.0 = Debug|Any CPU
		{749D148C-4867-4931-9E12-5CCD63625D18}.Debug|iPhoneSimulator.Deploy.0 = Debug|Any CPU
		{749D148C-4867-4931-9E12-5CCD63625D18}.Release|Any CPU.ActiveCfg = Release|Any CPU
		{749D148C-4867-4931-9E12-5CCD63625D18}.Release|Any CPU.Build.0 = Release|Any CPU
		{749D148C-4867-4931-9E12-5CCD63625D18}.Release|Any CPU.Deploy.0 = Release|Any CPU
		{749D148C-4867-4931-9E12-5CCD63625D18}.Release|iPhone.ActiveCfg = Release|Any CPU
		{749D148C-4867-4931-9E12-5CCD63625D18}.Release|iPhone.Build.0 = Release|Any CPU
		{749D148C-4867-4931-9E12-5CCD63625D18}.Release|iPhone.Deploy.0 = Release|Any CPU
		{749D148C-4867-4931-9E12-5CCD63625D18}.Release|iPhoneSimulator.ActiveCfg = Release|Any CPU
		{749D148C-4867-4931-9E12-5CCD63625D18}.Release|iPhoneSimulator.Build.0 = Release|Any CPU
		{749D148C-4867-4931-9E12-5CCD63625D18}.Release|iPhoneSimulator.Deploy.0 = Release|Any CPU
	EndGlobalSection
	GlobalSection(SolutionProperties) = preSolution
		HideSolutionNode = FALSE
	EndGlobalSection
	GlobalSection(ExtensibilityGlobals) = postSolution
		SolutionGuid = {1444E035-3D46-4035-976F-2575308DED9F}
	EndGlobalSection
EndGlobal
