
Microsoft Visual Studio Solution File, Format Version 12.00
# Visual Studio 15
VisualStudioVersion = 15.0.27703.2026
MinimumVisualStudioVersion = 10.0.40219.1
Project("{FAE04EC0-301F-11D3-BF4B-00C04F79EFBC}") = "MethodOverriding", "MethodOverriding\MethodOverriding.csproj", "{D13A62A9-5C63-4D13-AF1D-F323BAFC709A}"
EndProject
Global
	GlobalSection(SolutionConfigurationPlatforms) = preSolution
		Debug|Any CPU = Debug|Any CPU
		Release|Any CPU = Release|Any CPU
	EndGlobalSection
	GlobalSection(ProjectConfigurationPlatforms) = postSolution
		{D13A62A9-5C63-4D13-AF1D-F323BAFC709A}.Debug|Any CPU.ActiveCfg = Debug|Any CPU
		{D13A62A9-5C63-4D13-AF1D-F323BAFC709A}.Debug|Any CPU.Build.0 = Debug|Any CPU
		{D13A62A9-5C63-4D13-AF1D-F323BAFC709A}.Release|Any CPU.ActiveCfg = Release|Any CPU
		{D13A62A9-5C63-4D13-AF1D-F323BAFC709A}.Release|Any CPU.Build.0 = Release|Any CPU
	EndGlobalSection
	GlobalSection(SolutionProperties) = preSolution
		HideSolutionNode = FALSE
	EndGlobalSection
	GlobalSection(ExtensibilityGlobals) = postSolution
		SolutionGuid = {627B6F4F-1C78-434D-B8A6-0A3C11E1BA33}
	EndGlobalSection
EndGlobal
