
Microsoft Visual Studio Solution File, Format Version 12.00
# Visual Studio 15
VisualStudioVersion = 15.0.27703.2026
MinimumVisualStudioVersion = 10.0.40219.1
Project("{FAE04EC0-301F-11D3-BF4B-00C04F79EFBC}") = "If_Statement_GS", "If_Statement_GS\If_Statement_GS.csproj", "{EC158638-35C1-4285-9E98-A61778BCB495}"
EndProject
Global
	GlobalSection(SolutionConfigurationPlatforms) = preSolution
		Debug|Any CPU = Debug|Any CPU
		Release|Any CPU = Release|Any CPU
	EndGlobalSection
	GlobalSection(ProjectConfigurationPlatforms) = postSolution
		{EC158638-35C1-4285-9E98-A61778BCB495}.Debug|Any CPU.ActiveCfg = Debug|Any CPU
		{EC158638-35C1-4285-9E98-A61778BCB495}.Debug|Any CPU.Build.0 = Debug|Any CPU
		{EC158638-35C1-4285-9E98-A61778BCB495}.Release|Any CPU.ActiveCfg = Release|Any CPU
		{EC158638-35C1-4285-9E98-A61778BCB495}.Release|Any CPU.Build.0 = Release|Any CPU
	EndGlobalSection
	GlobalSection(SolutionProperties) = preSolution
		HideSolutionNode = FALSE
	EndGlobalSection
	GlobalSection(ExtensibilityGlobals) = postSolution
		SolutionGuid = {05FB40C5-59B5-46D0-8E6C-2D53EBDE9D34}
	EndGlobalSection
EndGlobal
