
Microsoft Visual Studio Solution File, Format Version 12.00
# Visual Studio 15
VisualStudioVersion = 15.0.28010.2050
MinimumVisualStudioVersion = 10.0.40219.1
Project("{FAE04EC0-301F-11D3-BF4B-00C04F79EFBC}") = "ACM.BL", "ACM.BL\ACM.BL.csproj", "{1C0F31EB-09BF-4434-A97B-E0B7BB2D31CE}"
EndProject
Project("{2150E333-8FDC-42A3-9474-1A3956D46DE8}") = "Tests", "Tests", "{494ADA4B-536D-44B1-8E48-F58C5837C01F}"
EndProject
Project("{FAE04EC0-301F-11D3-BF4B-00C04F79EFBC}") = "ACM.BLTest", "ACM.BLTest\ACM.BLTest.csproj", "{80FF493F-FAC2-473C-A372-FE3D3E03B637}"
EndProject
Project("{FAE04EC0-301F-11D3-BF4B-00C04F79EFBC}") = "Acme.Common", "Acme.Common\Acme.Common.csproj", "{3DF57426-E399-4044-99C2-E4E7965EEA97}"
EndProject
Project("{FAE04EC0-301F-11D3-BF4B-00C04F79EFBC}") = "Acme.CommonTest", "Acme.CommonTest\Acme.CommonTest.csproj", "{03269B57-4116-4A0E-B134-03D7B32E7B57}"
EndProject
Global
	GlobalSection(SolutionConfigurationPlatforms) = preSolution
		Debug|Any CPU = Debug|Any CPU
		Release|Any CPU = Release|Any CPU
	EndGlobalSection
	GlobalSection(ProjectConfigurationPlatforms) = postSolution
		{1C0F31EB-09BF-4434-A97B-E0B7BB2D31CE}.Debug|Any CPU.ActiveCfg = Debug|Any CPU
		{1C0F31EB-09BF-4434-A97B-E0B7BB2D31CE}.Debug|Any CPU.Build.0 = Debug|Any CPU
		{1C0F31EB-09BF-4434-A97B-E0B7BB2D31CE}.Release|Any CPU.ActiveCfg = Release|Any CPU
		{1C0F31EB-09BF-4434-A97B-E0B7BB2D31CE}.Release|Any CPU.Build.0 = Release|Any CPU
		{80FF493F-FAC2-473C-A372-FE3D3E03B637}.Debug|Any CPU.ActiveCfg = Debug|Any CPU
		{80FF493F-FAC2-473C-A372-FE3D3E03B637}.Debug|Any CPU.Build.0 = Debug|Any CPU
		{80FF493F-FAC2-473C-A372-FE3D3E03B637}.Release|Any CPU.ActiveCfg = Release|Any CPU
		{80FF493F-FAC2-473C-A372-FE3D3E03B637}.Release|Any CPU.Build.0 = Release|Any CPU
		{3DF57426-E399-4044-99C2-E4E7965EEA97}.Debug|Any CPU.ActiveCfg = Debug|Any CPU
		{3DF57426-E399-4044-99C2-E4E7965EEA97}.Debug|Any CPU.Build.0 = Debug|Any CPU
		{3DF57426-E399-4044-99C2-E4E7965EEA97}.Release|Any CPU.ActiveCfg = Release|Any CPU
		{3DF57426-E399-4044-99C2-E4E7965EEA97}.Release|Any CPU.Build.0 = Release|Any CPU
		{03269B57-4116-4A0E-B134-03D7B32E7B57}.Debug|Any CPU.ActiveCfg = Debug|Any CPU
		{03269B57-4116-4A0E-B134-03D7B32E7B57}.Debug|Any CPU.Build.0 = Debug|Any CPU
		{03269B57-4116-4A0E-B134-03D7B32E7B57}.Release|Any CPU.ActiveCfg = Release|Any CPU
		{03269B57-4116-4A0E-B134-03D7B32E7B57}.Release|Any CPU.Build.0 = Release|Any CPU
	EndGlobalSection
	GlobalSection(SolutionProperties) = preSolution
		HideSolutionNode = FALSE
	EndGlobalSection
	GlobalSection(NestedProjects) = preSolution
		{80FF493F-FAC2-473C-A372-FE3D3E03B637} = {494ADA4B-536D-44B1-8E48-F58C5837C01F}
		{03269B57-4116-4A0E-B134-03D7B32E7B57} = {494ADA4B-536D-44B1-8E48-F58C5837C01F}
	EndGlobalSection
	GlobalSection(ExtensibilityGlobals) = postSolution
		SolutionGuid = {C98FAACC-3EBF-4670-91E5-AD65A5E986B9}
	EndGlobalSection
EndGlobal
