
Microsoft Visual Studio Solution File, Format Version 12.00
# Visual Studio 15
VisualStudioVersion = 15.0.27703.2026
MinimumVisualStudioVersion = 10.0.40219.1
Project("{FAE04EC0-301F-11D3-BF4B-00C04F79EFBC}") = "TrackerLibrary", "TrackerLibrary\TrackerLibrary.csproj", "{8CAACD3D-7A01-440D-BF4A-9BB2A436F651}"
EndProject
Project("{FAE04EC0-301F-11D3-BF4B-00C04F79EFBC}") = "TrackerUI", "TrackerUI\TrackerUI.csproj", "{F6C5E6A3-70EB-47F2-8361-31FD89033145}"
EndProject
Global
	GlobalSection(SolutionConfigurationPlatforms) = preSolution
		Debug|Any CPU = Debug|Any CPU
		Release|Any CPU = Release|Any CPU
	EndGlobalSection
	GlobalSection(ProjectConfigurationPlatforms) = postSolution
		{8CAACD3D-7A01-440D-BF4A-9BB2A436F651}.Debug|Any CPU.ActiveCfg = Debug|Any CPU
		{8CAACD3D-7A01-440D-BF4A-9BB2A436F651}.Debug|Any CPU.Build.0 = Debug|Any CPU
		{8CAACD3D-7A01-440D-BF4A-9BB2A436F651}.Release|Any CPU.ActiveCfg = Release|Any CPU
		{8CAACD3D-7A01-440D-BF4A-9BB2A436F651}.Release|Any CPU.Build.0 = Release|Any CPU
		{F6C5E6A3-70EB-47F2-8361-31FD89033145}.Debug|Any CPU.ActiveCfg = Debug|Any CPU
		{F6C5E6A3-70EB-47F2-8361-31FD89033145}.Debug|Any CPU.Build.0 = Debug|Any CPU
		{F6C5E6A3-70EB-47F2-8361-31FD89033145}.Release|Any CPU.ActiveCfg = Release|Any CPU
		{F6C5E6A3-70EB-47F2-8361-31FD89033145}.Release|Any CPU.Build.0 = Release|Any CPU
	EndGlobalSection
	GlobalSection(SolutionProperties) = preSolution
		HideSolutionNode = FALSE
	EndGlobalSection
	GlobalSection(ExtensibilityGlobals) = postSolution
		SolutionGuid = {E5D4D97C-9DB7-4182-822A-90AB89A13F13}
	EndGlobalSection
EndGlobal
