
Microsoft Visual Studio Solution File, Format Version 12.00
# Visual Studio 15
VisualStudioVersion = 15.0.27703.2026
MinimumVisualStudioVersion = 10.0.40219.1
Project("{9A19103F-16F7-4668-BE54-9A1E7A4F7556}") = "Testability", "Testability\Testability.csproj", "{AE725B11-9254-4B51-BA9C-00021DF84F36}"
EndProject
Project("{FAE04EC0-301F-11D3-BF4B-00C04F79EFBC}") = "Testibility.UnitTests", "Testibility.UnitTests\Testibility.UnitTests.csproj", "{4FDB9E2E-248D-48D7-B474-5E2914EA37CB}"
EndProject
Global
	GlobalSection(SolutionConfigurationPlatforms) = preSolution
		Debug|Any CPU = Debug|Any CPU
		Release|Any CPU = Release|Any CPU
	EndGlobalSection
	GlobalSection(ProjectConfigurationPlatforms) = postSolution
		{AE725B11-9254-4B51-BA9C-00021DF84F36}.Debug|Any CPU.ActiveCfg = Debug|Any CPU
		{AE725B11-9254-4B51-BA9C-00021DF84F36}.Debug|Any CPU.Build.0 = Debug|Any CPU
		{AE725B11-9254-4B51-BA9C-00021DF84F36}.Release|Any CPU.ActiveCfg = Release|Any CPU
		{AE725B11-9254-4B51-BA9C-00021DF84F36}.Release|Any CPU.Build.0 = Release|Any CPU
		{4FDB9E2E-248D-48D7-B474-5E2914EA37CB}.Debug|Any CPU.ActiveCfg = Debug|Any CPU
		{4FDB9E2E-248D-48D7-B474-5E2914EA37CB}.Debug|Any CPU.Build.0 = Debug|Any CPU
		{4FDB9E2E-248D-48D7-B474-5E2914EA37CB}.Release|Any CPU.ActiveCfg = Release|Any CPU
		{4FDB9E2E-248D-48D7-B474-5E2914EA37CB}.Release|Any CPU.Build.0 = Release|Any CPU
	EndGlobalSection
	GlobalSection(SolutionProperties) = preSolution
		HideSolutionNode = FALSE
	EndGlobalSection
	GlobalSection(ExtensibilityGlobals) = postSolution
		SolutionGuid = {953BAD32-ED3F-40A5-A2F7-D8798B7A920F}
	EndGlobalSection
EndGlobal
