
Microsoft Visual Studio Solution File, Format Version 12.00
# Visual Studio 15
VisualStudioVersion = 15.0.27703.2026
MinimumVisualStudioVersion = 10.0.40219.1
Project("{FAE04EC0-301F-11D3-BF4B-00C04F79EFBC}") = "Jagged_Dimensional_TestGS", "Jagged_Dimensional_TestGS\Jagged_Dimensional_TestGS.csproj", "{07875CBF-76AF-40C4-9736-E2597FF303ED}"
EndProject
Global
	GlobalSection(SolutionConfigurationPlatforms) = preSolution
		Debug|Any CPU = Debug|Any CPU
		Release|Any CPU = Release|Any CPU
	EndGlobalSection
	GlobalSection(ProjectConfigurationPlatforms) = postSolution
		{07875CBF-76AF-40C4-9736-E2597FF303ED}.Debug|Any CPU.ActiveCfg = Debug|Any CPU
		{07875CBF-76AF-40C4-9736-E2597FF303ED}.Debug|Any CPU.Build.0 = Debug|Any CPU
		{07875CBF-76AF-40C4-9736-E2597FF303ED}.Release|Any CPU.ActiveCfg = Release|Any CPU
		{07875CBF-76AF-40C4-9736-E2597FF303ED}.Release|Any CPU.Build.0 = Release|Any CPU
	EndGlobalSection
	GlobalSection(SolutionProperties) = preSolution
		HideSolutionNode = FALSE
	EndGlobalSection
	GlobalSection(ExtensibilityGlobals) = postSolution
		SolutionGuid = {3CBB89D8-19B2-4B62-83F6-080B93C85A40}
	EndGlobalSection
EndGlobal
