
Microsoft Visual Studio Solution File, Format Version 12.00
# Visual Studio 15
VisualStudioVersion = 15.0.27703.2026
MinimumVisualStudioVersion = 10.0.40219.1
Project("{FAE04EC0-301F-11D3-BF4B-00C04F79EFBC}") = "HelloWorld.Android", "HelloWorld\HelloWorld.Android\HelloWorld.Android.csproj", "{C01B8B30-71E2-4E18-A88B-804CDACE0F76}"
EndProject
Project("{FAE04EC0-301F-11D3-BF4B-00C04F79EFBC}") = "HelloWorld.iOS", "HelloWorld\HelloWorld.iOS\HelloWorld.iOS.csproj", "{F86F1DC9-34AA-4DF9-AB9E-218648DE785E}"
EndProject
Project("{FAE04EC0-301F-11D3-BF4B-00C04F79EFBC}") = "HelloWorld.UWP", "HelloWorld\HelloWorld.UWP\HelloWorld.UWP.csproj", "{CD5AB6A8-848F-4EFC-8BDE-8B26B967F1AB}"
EndProject
Project("{FAE04EC0-301F-11D3-BF4B-00C04F79EFBC}") = "HelloWorld", "HelloWorld\HelloWorld\HelloWorld.csproj", "{A2C7DABF-62EB-4DC5-BA88-FC371F027A1B}"
EndProject
Global
	GlobalSection(SolutionConfigurationPlatforms) = preSolution
		Ad-Hoc|Any CPU = Ad-Hoc|Any CPU
		Ad-Hoc|ARM = Ad-Hoc|ARM
		Ad-Hoc|iPhone = Ad-Hoc|iPhone
		Ad-Hoc|iPhoneSimulator = Ad-Hoc|iPhoneSimulator
		Ad-Hoc|x64 = Ad-Hoc|x64
		Ad-Hoc|x86 = Ad-Hoc|x86
		AppStore|Any CPU = AppStore|Any CPU
		AppStore|ARM = AppStore|ARM
		AppStore|iPhone = AppStore|iPhone
		AppStore|iPhoneSimulator = AppStore|iPhoneSimulator
		AppStore|x64 = AppStore|x64
		AppStore|x86 = AppStore|x86
		Debug|Any CPU = Debug|Any CPU
		Debug|ARM = Debug|ARM
		Debug|iPhone = Debug|iPhone
		Debug|iPhoneSimulator = Debug|iPhoneSimulator
		Debug|x64 = Debug|x64
		Debug|x86 = Debug|x86
		Release|Any CPU = Release|Any CPU
		Release|ARM = Release|ARM
		Release|iPhone = Release|iPhone
		Release|iPhoneSimulator = Release|iPhoneSimulator
		Release|x64 = Release|x64
		Release|x86 = Release|x86
	EndGlobalSection
	GlobalSection(ProjectConfigurationPlatforms) = postSolution
		{C01B8B30-71E2-4E18-A88B-804CDACE0F76}.Ad-Hoc|Any CPU.ActiveCfg = Release|Any CPU
		{C01B8B30-71E2-4E18-A88B-804CDACE0F76}.Ad-Hoc|Any CPU.Build.0 = Release|Any CPU
		{C01B8B30-71E2-4E18-A88B-804CDACE0F76}.Ad-Hoc|Any CPU.Deploy.0 = Release|Any CPU
		{C01B8B30-71E2-4E18-A88B-804CDACE0F76}.Ad-Hoc|ARM.ActiveCfg = Release|Any CPU
		{C01B8B30-71E2-4E18-A88B-804CDACE0F76}.Ad-Hoc|ARM.Build.0 = Release|Any CPU
		{C01B8B30-71E2-4E18-A88B-804CDACE0F76}.Ad-Hoc|ARM.Deploy.0 = Release|Any CPU
		{C01B8B30-71E2-4E18-A88B-804CDACE0F76}.Ad-Hoc|iPhone.ActiveCfg = Release|Any CPU
		{C01B8B30-71E2-4E18-A88B-804CDACE0F76}.Ad-Hoc|iPhone.Build.0 = Release|Any CPU
		{C01B8B30-71E2-4E18-A88B-804CDACE0F76}.Ad-Hoc|iPhone.Deploy.0 = Release|Any CPU
		{C01B8B30-71E2-4E18-A88B-804CDACE0F76}.Ad-Hoc|iPhoneSimulator.ActiveCfg = Release|Any CPU
		{C01B8B30-71E2-4E18-A88B-804CDACE0F76}.Ad-Hoc|iPhoneSimulator.Build.0 = Release|Any CPU
		{C01B8B30-71E2-4E18-A88B-804CDACE0F76}.Ad-Hoc|iPhoneSimulator.Deploy.0 = Release|Any CPU
		{C01B8B30-71E2-4E18-A88B-804CDACE0F76}.Ad-Hoc|x64.ActiveCfg = Release|Any CPU
		{C01B8B30-71E2-4E18-A88B-804CDACE0F76}.Ad-Hoc|x64.Build.0 = Release|Any CPU
		{C01B8B30-71E2-4E18-A88B-804CDACE0F76}.Ad-Hoc|x64.Deploy.0 = Release|Any CPU
		{C01B8B30-71E2-4E18-A88B-804CDACE0F76}.Ad-Hoc|x86.ActiveCfg = Release|Any CPU
		{C01B8B30-71E2-4E18-A88B-804CDACE0F76}.Ad-Hoc|x86.Build.0 = Release|Any CPU
		{C01B8B30-71E2-4E18-A88B-804CDACE0F76}.Ad-Hoc|x86.Deploy.0 = Release|Any CPU
		{C01B8B30-71E2-4E18-A88B-804CDACE0F76}.AppStore|Any CPU.ActiveCfg = Release|Any CPU
		{C01B8B30-71E2-4E18-A88B-804CDACE0F76}.AppStore|Any CPU.Build.0 = Release|Any CPU
		{C01B8B30-71E2-4E18-A88B-804CDACE0F76}.AppStore|Any CPU.Deploy.0 = Release|Any CPU
		{C01B8B30-71E2-4E18-A88B-804CDACE0F76}.AppStore|ARM.ActiveCfg = Release|Any CPU
		{C01B8B30-71E2-4E18-A88B-804CDACE0F76}.AppStore|ARM.Build.0 = Release|Any CPU
		{C01B8B30-71E2-4E18-A88B-804CDACE0F76}.AppStore|ARM.Deploy.0 = Release|Any CPU
		{C01B8B30-71E2-4E18-A88B-804CDACE0F76}.AppStore|iPhone.ActiveCfg = Release|Any CPU
		{C01B8B30-71E2-4E18-A88B-804CDACE0F76}.AppStore|iPhone.Build.0 = Release|Any CPU
		{C01B8B30-71E2-4E18-A88B-804CDACE0F76}.AppStore|iPhone.Deploy.0 = Release|Any CPU
		{C01B8B30-71E2-4E18-A88B-804CDACE0F76}.AppStore|iPhoneSimulator.ActiveCfg = Release|Any CPU
		{C01B8B30-71E2-4E18-A88B-804CDACE0F76}.AppStore|iPhoneSimulator.Build.0 = Release|Any CPU
		{C01B8B30-71E2-4E18-A88B-804CDACE0F76}.AppStore|iPhoneSimulator.Deploy.0 = Release|Any CPU
		{C01B8B30-71E2-4E18-A88B-804CDACE0F76}.AppStore|x64.ActiveCfg = Release|Any CPU
		{C01B8B30-71E2-4E18-A88B-804CDACE0F76}.AppStore|x64.Build.0 = Release|Any CPU
		{C01B8B30-71E2-4E18-A88B-804CDACE0F76}.AppStore|x64.Deploy.0 = Release|Any CPU
		{C01B8B30-71E2-4E18-A88B-804CDACE0F76}.AppStore|x86.ActiveCfg = Release|Any CPU
		{C01B8B30-71E2-4E18-A88B-804CDACE0F76}.AppStore|x86.Build.0 = Release|Any CPU
		{C01B8B30-71E2-4E18-A88B-804CDACE0F76}.AppStore|x86.Deploy.0 = Release|Any CPU
		{C01B8B30-71E2-4E18-A88B-804CDACE0F76}.Debug|Any CPU.ActiveCfg = Debug|Any CPU
		{C01B8B30-71E2-4E18-A88B-804CDACE0F76}.Debug|Any CPU.Build.0 = Debug|Any CPU
		{C01B8B30-71E2-4E18-A88B-804CDACE0F76}.Debug|Any CPU.Deploy.0 = Debug|Any CPU
		{C01B8B30-71E2-4E18-A88B-804CDACE0F76}.Debug|ARM.ActiveCfg = Debug|Any CPU
		{C01B8B30-71E2-4E18-A88B-804CDACE0F76}.Debug|ARM.Build.0 = Debug|Any CPU
		{C01B8B30-71E2-4E18-A88B-804CDACE0F76}.Debug|ARM.Deploy.0 = Debug|Any CPU
		{C01B8B30-71E2-4E18-A88B-804CDACE0F76}.Debug|iPhone.ActiveCfg = Debug|Any CPU
		{C01B8B30-71E2-4E18-A88B-804CDACE0F76}.Debug|iPhone.Build.0 = Debug|Any CPU
		{C01B8B30-71E2-4E18-A88B-804CDACE0F76}.Debug|iPhone.Deploy.0 = Debug|Any CPU
		{C01B8B30-71E2-4E18-A88B-804CDACE0F76}.Debug|iPhoneSimulator.ActiveCfg = Debug|Any CPU
		{C01B8B30-71E2-4E18-A88B-804CDACE0F76}.Debug|iPhoneSimulator.Build.0 = Debug|Any CPU
		{C01B8B30-71E2-4E18-A88B-804CDACE0F76}.Debug|iPhoneSimulator.Deploy.0 = Debug|Any CPU
		{C01B8B30-71E2-4E18-A88B-804CDACE0F76}.Debug|x64.ActiveCfg = Debug|Any CPU
		{C01B8B30-71E2-4E18-A88B-804CDACE0F76}.Debug|x64.Build.0 = Debug|Any CPU
		{C01B8B30-71E2-4E18-A88B-804CDACE0F76}.Debug|x64.Deploy.0 = Debug|Any CPU
		{C01B8B30-71E2-4E18-A88B-804CDACE0F76}.Debug|x86.ActiveCfg = Debug|Any CPU
		{C01B8B30-71E2-4E18-A88B-804CDACE0F76}.Debug|x86.Build.0 = Debug|Any CPU
		{C01B8B30-71E2-4E18-A88B-804CDACE0F76}.Debug|x86.Deploy.0 = Debug|Any CPU
		{C01B8B30-71E2-4E18-A88B-804CDACE0F76}.Release|Any CPU.ActiveCfg = Release|Any CPU
		{C01B8B30-71E2-4E18-A88B-804CDACE0F76}.Release|Any CPU.Build.0 = Release|Any CPU
		{C01B8B30-71E2-4E18-A88B-804CDACE0F76}.Release|Any CPU.Deploy.0 = Release|Any CPU
		{C01B8B30-71E2-4E18-A88B-804CDACE0F76}.Release|ARM.ActiveCfg = Release|Any CPU
		{C01B8B30-71E2-4E18-A88B-804CDACE0F76}.Release|ARM.Build.0 = Release|Any CPU
		{C01B8B30-71E2-4E18-A88B-804CDACE0F76}.Release|ARM.Deploy.0 = Release|Any CPU
		{C01B8B30-71E2-4E18-A88B-804CDACE0F76}.Release|iPhone.ActiveCfg = Release|Any CPU
		{C01B8B30-71E2-4E18-A88B-804CDACE0F76}.Release|iPhone.Build.0 = Release|Any CPU
		{C01B8B30-71E2-4E18-A88B-804CDACE0F76}.Release|iPhone.Deploy.0 = Release|Any CPU
		{C01B8B30-71E2-4E18-A88B-804CDACE0F76}.Release|iPhoneSimulator.ActiveCfg = Release|Any CPU
		{C01B8B30-71E2-4E18-A88B-804CDACE0F76}.Release|iPhoneSimulator.Build.0 = Release|Any CPU
		{C01B8B30-71E2-4E18-A88B-804CDACE0F76}.Release|iPhoneSimulator.Deploy.0 = Release|Any CPU
		{C01B8B30-71E2-4E18-A88B-804CDACE0F76}.Release|x64.ActiveCfg = Release|Any CPU
		{C01B8B30-71E2-4E18-A88B-804CDACE0F76}.Release|x64.Build.0 = Release|Any CPU
		{C01B8B30-71E2-4E18-A88B-804CDACE0F76}.Release|x64.Deploy.0 = Release|Any CPU
		{C01B8B30-71E2-4E18-A88B-804CDACE0F76}.Release|x86.ActiveCfg = Release|Any CPU
		{C01B8B30-71E2-4E18-A88B-804CDACE0F76}.Release|x86.Build.0 = Release|Any CPU
		{C01B8B30-71E2-4E18-A88B-804CDACE0F76}.Release|x86.Deploy.0 = Release|Any CPU
		{F86F1DC9-34AA-4DF9-AB9E-218648DE785E}.Ad-Hoc|Any CPU.ActiveCfg = Ad-Hoc|iPhone
		{F86F1DC9-34AA-4DF9-AB9E-218648DE785E}.Ad-Hoc|Any CPU.Build.0 = Ad-Hoc|iPhone
		{F86F1DC9-34AA-4DF9-AB9E-218648DE785E}.Ad-Hoc|Any CPU.Deploy.0 = Ad-Hoc|iPhone
		{F86F1DC9-34AA-4DF9-AB9E-218648DE785E}.Ad-Hoc|ARM.ActiveCfg = Ad-Hoc|iPhone
		{F86F1DC9-34AA-4DF9-AB9E-218648DE785E}.Ad-Hoc|ARM.Build.0 = Ad-Hoc|iPhone
		{F86F1DC9-34AA-4DF9-AB9E-218648DE785E}.Ad-Hoc|ARM.Deploy.0 = Ad-Hoc|iPhone
		{F86F1DC9-34AA-4DF9-AB9E-218648DE785E}.Ad-Hoc|iPhone.ActiveCfg = Ad-Hoc|iPhone
		{F86F1DC9-34AA-4DF9-AB9E-218648DE785E}.Ad-Hoc|iPhone.Build.0 = Ad-Hoc|iPhone
		{F86F1DC9-34AA-4DF9-AB9E-218648DE785E}.Ad-Hoc|iPhone.Deploy.0 = Ad-Hoc|iPhone
		{F86F1DC9-34AA-4DF9-AB9E-218648DE785E}.Ad-Hoc|iPhoneSimulator.ActiveCfg = Ad-Hoc|iPhoneSimulator
		{F86F1DC9-34AA-4DF9-AB9E-218648DE785E}.Ad-Hoc|iPhoneSimulator.Build.0 = Ad-Hoc|iPhoneSimulator
		{F86F1DC9-34AA-4DF9-AB9E-218648DE785E}.Ad-Hoc|iPhoneSimulator.Deploy.0 = Ad-Hoc|iPhoneSimulator
		{F86F1DC9-34AA-4DF9-AB9E-218648DE785E}.Ad-Hoc|x64.ActiveCfg = Ad-Hoc|iPhone
		{F86F1DC9-34AA-4DF9-AB9E-218648DE785E}.Ad-Hoc|x64.Build.0 = Ad-Hoc|iPhone
		{F86F1DC9-34AA-4DF9-AB9E-218648DE785E}.Ad-Hoc|x64.Deploy.0 = Ad-Hoc|iPhone
		{F86F1DC9-34AA-4DF9-AB9E-218648DE785E}.Ad-Hoc|x86.ActiveCfg = Ad-Hoc|iPhone
		{F86F1DC9-34AA-4DF9-AB9E-218648DE785E}.Ad-Hoc|x86.Build.0 = Ad-Hoc|iPhone
		{F86F1DC9-34AA-4DF9-AB9E-218648DE785E}.Ad-Hoc|x86.Deploy.0 = Ad-Hoc|iPhone
		{F86F1DC9-34AA-4DF9-AB9E-218648DE785E}.AppStore|Any CPU.ActiveCfg = AppStore|iPhone
		{F86F1DC9-34AA-4DF9-AB9E-218648DE785E}.AppStore|Any CPU.Build.0 = AppStore|iPhone
		{F86F1DC9-34AA-4DF9-AB9E-218648DE785E}.AppStore|Any CPU.Deploy.0 = AppStore|iPhone
		{F86F1DC9-34AA-4DF9-AB9E-218648DE785E}.AppStore|ARM.ActiveCfg = AppStore|iPhone
		{F86F1DC9-34AA-4DF9-AB9E-218648DE785E}.AppStore|ARM.Build.0 = AppStore|iPhone
		{F86F1DC9-34AA-4DF9-AB9E-218648DE785E}.AppStore|ARM.Deploy.0 = AppStore|iPhone
		{F86F1DC9-34AA-4DF9-AB9E-218648DE785E}.AppStore|iPhone.ActiveCfg = AppStore|iPhone
		{F86F1DC9-34AA-4DF9-AB9E-218648DE785E}.AppStore|iPhone.Build.0 = AppStore|iPhone
		{F86F1DC9-34AA-4DF9-AB9E-218648DE785E}.AppStore|iPhone.Deploy.0 = AppStore|iPhone
		{F86F1DC9-34AA-4DF9-AB9E-218648DE785E}.AppStore|iPhoneSimulator.ActiveCfg = AppStore|iPhoneSimulator
		{F86F1DC9-34AA-4DF9-AB9E-218648DE785E}.AppStore|iPhoneSimulator.Build.0 = AppStore|iPhoneSimulator
		{F86F1DC9-34AA-4DF9-AB9E-218648DE785E}.AppStore|iPhoneSimulator.Deploy.0 = AppStore|iPhoneSimulator
		{F86F1DC9-34AA-4DF9-AB9E-218648DE785E}.AppStore|x64.ActiveCfg = AppStore|iPhone
		{F86F1DC9-34AA-4DF9-AB9E-218648DE785E}.AppStore|x64.Build.0 = AppStore|iPhone
		{F86F1DC9-34AA-4DF9-AB9E-218648DE785E}.AppStore|x64.Deploy.0 = AppStore|iPhone
		{F86F1DC9-34AA-4DF9-AB9E-218648DE785E}.AppStore|x86.ActiveCfg = AppStore|iPhone
		{F86F1DC9-34AA-4DF9-AB9E-218648DE785E}.AppStore|x86.Build.0 = AppStore|iPhone
		{F86F1DC9-34AA-4DF9-AB9E-218648DE785E}.AppStore|x86.Deploy.0 = AppStore|iPhone
		{F86F1DC9-34AA-4DF9-AB9E-218648DE785E}.Debug|Any CPU.ActiveCfg = Debug|iPhoneSimulator
		{F86F1DC9-34AA-4DF9-AB9E-218648DE785E}.Debug|Any CPU.Build.0 = Debug|iPhoneSimulator
		{F86F1DC9-34AA-4DF9-AB9E-218648DE785E}.Debug|Any CPU.Deploy.0 = Debug|iPhoneSimulator
		{F86F1DC9-34AA-4DF9-AB9E-218648DE785E}.Debug|ARM.ActiveCfg = Debug|iPhone
		{F86F1DC9-34AA-4DF9-AB9E-218648DE785E}.Debug|ARM.Build.0 = Debug|iPhone
		{F86F1DC9-34AA-4DF9-AB9E-218648DE785E}.Debug|ARM.Deploy.0 = Debug|iPhone
		{F86F1DC9-34AA-4DF9-AB9E-218648DE785E}.Debug|iPhone.ActiveCfg = Debug|iPhone
		{F86F1DC9-34AA-4DF9-AB9E-218648DE785E}.Debug|iPhone.Build.0 = Debug|iPhone
		{F86F1DC9-34AA-4DF9-AB9E-218648DE785E}.Debug|iPhone.Deploy.0 = Debug|iPhone
		{F86F1DC9-34AA-4DF9-AB9E-218648DE785E}.Debug|iPhoneSimulator.ActiveCfg = Debug|iPhoneSimulator
		{F86F1DC9-34AA-4DF9-AB9E-218648DE785E}.Debug|iPhoneSimulator.Build.0 = Debug|iPhoneSimulator
		{F86F1DC9-34AA-4DF9-AB9E-218648DE785E}.Debug|iPhoneSimulator.Deploy.0 = Debug|iPhoneSimulator
		{F86F1DC9-34AA-4DF9-AB9E-218648DE785E}.Debug|x64.ActiveCfg = Debug|iPhone
		{F86F1DC9-34AA-4DF9-AB9E-218648DE785E}.Debug|x64.Build.0 = Debug|iPhone
		{F86F1DC9-34AA-4DF9-AB9E-218648DE785E}.Debug|x64.Deploy.0 = Debug|iPhone
		{F86F1DC9-34AA-4DF9-AB9E-218648DE785E}.Debug|x86.ActiveCfg = Debug|iPhone
		{F86F1DC9-34AA-4DF9-AB9E-218648DE785E}.Debug|x86.Build.0 = Debug|iPhone
		{F86F1DC9-34AA-4DF9-AB9E-218648DE785E}.Debug|x86.Deploy.0 = Debug|iPhone
		{F86F1DC9-34AA-4DF9-AB9E-218648DE785E}.Release|Any CPU.ActiveCfg = Release|iPhone
		{F86F1DC9-34AA-4DF9-AB9E-218648DE785E}.Release|Any CPU.Build.0 = Release|iPhone
		{F86F1DC9-34AA-4DF9-AB9E-218648DE785E}.Release|Any CPU.Deploy.0 = Release|iPhone
		{F86F1DC9-34AA-4DF9-AB9E-218648DE785E}.Release|ARM.ActiveCfg = Release|iPhone
		{F86F1DC9-34AA-4DF9-AB9E-218648DE785E}.Release|ARM.Build.0 = Release|iPhone
		{F86F1DC9-34AA-4DF9-AB9E-218648DE785E}.Release|ARM.Deploy.0 = Release|iPhone
		{F86F1DC9-34AA-4DF9-AB9E-218648DE785E}.Release|iPhone.ActiveCfg = Release|iPhone
		{F86F1DC9-34AA-4DF9-AB9E-218648DE785E}.Release|iPhone.Build.0 = Release|iPhone
		{F86F1DC9-34AA-4DF9-AB9E-218648DE785E}.Release|iPhone.Deploy.0 = Release|iPhone
		{F86F1DC9-34AA-4DF9-AB9E-218648DE785E}.Release|iPhoneSimulator.ActiveCfg = Release|iPhoneSimulator
		{F86F1DC9-34AA-4DF9-AB9E-218648DE785E}.Release|iPhoneSimulator.Build.0 = Release|iPhoneSimulator
		{F86F1DC9-34AA-4DF9-AB9E-218648DE785E}.Release|iPhoneSimulator.Deploy.0 = Release|iPhoneSimulator
		{F86F1DC9-34AA-4DF9-AB9E-218648DE785E}.Release|x64.ActiveCfg = Release|iPhone
		{F86F1DC9-34AA-4DF9-AB9E-218648DE785E}.Release|x64.Build.0 = Release|iPhone
		{F86F1DC9-34AA-4DF9-AB9E-218648DE785E}.Release|x64.Deploy.0 = Release|iPhone
		{F86F1DC9-34AA-4DF9-AB9E-218648DE785E}.Release|x86.ActiveCfg = Release|iPhone
		{F86F1DC9-34AA-4DF9-AB9E-218648DE785E}.Release|x86.Build.0 = Release|iPhone
		{F86F1DC9-34AA-4DF9-AB9E-218648DE785E}.Release|x86.Deploy.0 = Release|iPhone
		{CD5AB6A8-848F-4EFC-8BDE-8B26B967F1AB}.Ad-Hoc|Any CPU.ActiveCfg = Release|x86
		{CD5AB6A8-848F-4EFC-8BDE-8B26B967F1AB}.Ad-Hoc|Any CPU.Build.0 = Release|x86
		{CD5AB6A8-848F-4EFC-8BDE-8B26B967F1AB}.Ad-Hoc|Any CPU.Deploy.0 = Release|x86
		{CD5AB6A8-848F-4EFC-8BDE-8B26B967F1AB}.Ad-Hoc|ARM.ActiveCfg = Release|ARM
		{CD5AB6A8-848F-4EFC-8BDE-8B26B967F1AB}.Ad-Hoc|ARM.Build.0 = Release|ARM
		{CD5AB6A8-848F-4EFC-8BDE-8B26B967F1AB}.Ad-Hoc|ARM.Deploy.0 = Release|ARM
		{CD5AB6A8-848F-4EFC-8BDE-8B26B967F1AB}.Ad-Hoc|iPhone.ActiveCfg = Release|x86
		{CD5AB6A8-848F-4EFC-8BDE-8B26B967F1AB}.Ad-Hoc|iPhone.Build.0 = Release|x86
		{CD5AB6A8-848F-4EFC-8BDE-8B26B967F1AB}.Ad-Hoc|iPhone.Deploy.0 = Release|x86
		{CD5AB6A8-848F-4EFC-8BDE-8B26B967F1AB}.Ad-Hoc|iPhoneSimulator.ActiveCfg = Release|x86
		{CD5AB6A8-848F-4EFC-8BDE-8B26B967F1AB}.Ad-Hoc|iPhoneSimulator.Build.0 = Release|x86
		{CD5AB6A8-848F-4EFC-8BDE-8B26B967F1AB}.Ad-Hoc|iPhoneSimulator.Deploy.0 = Release|x86
		{CD5AB6A8-848F-4EFC-8BDE-8B26B967F1AB}.Ad-Hoc|x64.ActiveCfg = Release|x64
		{CD5AB6A8-848F-4EFC-8BDE-8B26B967F1AB}.Ad-Hoc|x64.Build.0 = Release|x64
		{CD5AB6A8-848F-4EFC-8BDE-8B26B967F1AB}.Ad-Hoc|x64.Deploy.0 = Release|x64
		{CD5AB6A8-848F-4EFC-8BDE-8B26B967F1AB}.Ad-Hoc|x86.ActiveCfg = Release|x86
		{CD5AB6A8-848F-4EFC-8BDE-8B26B967F1AB}.Ad-Hoc|x86.Build.0 = Release|x86
		{CD5AB6A8-848F-4EFC-8BDE-8B26B967F1AB}.Ad-Hoc|x86.Deploy.0 = Release|x86
		{CD5AB6A8-848F-4EFC-8BDE-8B26B967F1AB}.AppStore|Any CPU.ActiveCfg = Release|x86
		{CD5AB6A8-848F-4EFC-8BDE-8B26B967F1AB}.AppStore|Any CPU.Build.0 = Release|x86
		{CD5AB6A8-848F-4EFC-8BDE-8B26B967F1AB}.AppStore|Any CPU.Deploy.0 = Release|x86
		{CD5AB6A8-848F-4EFC-8BDE-8B26B967F1AB}.AppStore|ARM.ActiveCfg = Release|ARM
		{CD5AB6A8-848F-4EFC-8BDE-8B26B967F1AB}.AppStore|ARM.Build.0 = Release|ARM
		{CD5AB6A8-848F-4EFC-8BDE-8B26B967F1AB}.AppStore|ARM.Deploy.0 = Release|ARM
		{CD5AB6A8-848F-4EFC-8BDE-8B26B967F1AB}.AppStore|iPhone.ActiveCfg = Release|x86
		{CD5AB6A8-848F-4EFC-8BDE-8B26B967F1AB}.AppStore|iPhone.Build.0 = Release|x86
		{CD5AB6A8-848F-4EFC-8BDE-8B26B967F1AB}.AppStore|iPhone.Deploy.0 = Release|x86
		{CD5AB6A8-848F-4EFC-8BDE-8B26B967F1AB}.AppStore|iPhoneSimulator.ActiveCfg = Release|x86
		{CD5AB6A8-848F-4EFC-8BDE-8B26B967F1AB}.AppStore|iPhoneSimulator.Build.0 = Release|x86
		{CD5AB6A8-848F-4EFC-8BDE-8B26B967F1AB}.AppStore|iPhoneSimulator.Deploy.0 = Release|x86
		{CD5AB6A8-848F-4EFC-8BDE-8B26B967F1AB}.AppStore|x64.ActiveCfg = Release|x64
		{CD5AB6A8-848F-4EFC-8BDE-8B26B967F1AB}.AppStore|x64.Build.0 = Release|x64
		{CD5AB6A8-848F-4EFC-8BDE-8B26B967F1AB}.AppStore|x64.Deploy.0 = Release|x64
		{CD5AB6A8-848F-4EFC-8BDE-8B26B967F1AB}.AppStore|x86.ActiveCfg = Release|x86
		{CD5AB6A8-848F-4EFC-8BDE-8B26B967F1AB}.AppStore|x86.Build.0 = Release|x86
		{CD5AB6A8-848F-4EFC-8BDE-8B26B967F1AB}.AppStore|x86.Deploy.0 = Release|x86
		{CD5AB6A8-848F-4EFC-8BDE-8B26B967F1AB}.Debug|Any CPU.ActiveCfg = Debug|x86
		{CD5AB6A8-848F-4EFC-8BDE-8B26B967F1AB}.Debug|Any CPU.Build.0 = Debug|x86
		{CD5AB6A8-848F-4EFC-8BDE-8B26B967F1AB}.Debug|Any CPU.Deploy.0 = Debug|x86
		{CD5AB6A8-848F-4EFC-8BDE-8B26B967F1AB}.Debug|ARM.ActiveCfg = Debug|ARM
		{CD5AB6A8-848F-4EFC-8BDE-8B26B967F1AB}.Debug|ARM.Build.0 = Debug|ARM
		{CD5AB6A8-848F-4EFC-8BDE-8B26B967F1AB}.Debug|ARM.Deploy.0 = Debug|ARM
		{CD5AB6A8-848F-4EFC-8BDE-8B26B967F1AB}.Debug|iPhone.ActiveCfg = Debug|x86
		{CD5AB6A8-848F-4EFC-8BDE-8B26B967F1AB}.Debug|iPhone.Build.0 = Debug|x86
		{CD5AB6A8-848F-4EFC-8BDE-8B26B967F1AB}.Debug|iPhone.Deploy.0 = Debug|x86
		{CD5AB6A8-848F-4EFC-8BDE-8B26B967F1AB}.Debug|iPhoneSimulator.ActiveCfg = Debug|x86
		{CD5AB6A8-848F-4EFC-8BDE-8B26B967F1AB}.Debug|iPhoneSimulator.Build.0 = Debug|x86
		{CD5AB6A8-848F-4EFC-8BDE-8B26B967F1AB}.Debug|iPhoneSimulator.Deploy.0 = Debug|x86
		{CD5AB6A8-848F-4EFC-8BDE-8B26B967F1AB}.Debug|x64.ActiveCfg = Debug|x64
		{CD5AB6A8-848F-4EFC-8BDE-8B26B967F1AB}.Debug|x64.Build.0 = Debug|x64
		{CD5AB6A8-848F-4EFC-8BDE-8B26B967F1AB}.Debug|x64.Deploy.0 = Debug|x64
		{CD5AB6A8-848F-4EFC-8BDE-8B26B967F1AB}.Debug|x86.ActiveCfg = Debug|x86
		{CD5AB6A8-848F-4EFC-8BDE-8B26B967F1AB}.Debug|x86.Build.0 = Debug|x86
		{CD5AB6A8-848F-4EFC-8BDE-8B26B967F1AB}.Debug|x86.Deploy.0 = Debug|x86
		{CD5AB6A8-848F-4EFC-8BDE-8B26B967F1AB}.Release|Any CPU.ActiveCfg = Release|x86
		{CD5AB6A8-848F-4EFC-8BDE-8B26B967F1AB}.Release|Any CPU.Build.0 = Release|x86
		{CD5AB6A8-848F-4EFC-8BDE-8B26B967F1AB}.Release|Any CPU.Deploy.0 = Release|x86
		{CD5AB6A8-848F-4EFC-8BDE-8B26B967F1AB}.Release|ARM.ActiveCfg = Release|ARM
		{CD5AB6A8-848F-4EFC-8BDE-8B26B967F1AB}.Release|ARM.Build.0 = Release|ARM
		{CD5AB6A8-848F-4EFC-8BDE-8B26B967F1AB}.Release|ARM.Deploy.0 = Release|ARM
		{CD5AB6A8-848F-4EFC-8BDE-8B26B967F1AB}.Release|iPhone.ActiveCfg = Release|x86
		{CD5AB6A8-848F-4EFC-8BDE-8B26B967F1AB}.Release|iPhone.Build.0 = Release|x86
		{CD5AB6A8-848F-4EFC-8BDE-8B26B967F1AB}.Release|iPhone.Deploy.0 = Release|x86
		{CD5AB6A8-848F-4EFC-8BDE-8B26B967F1AB}.Release|iPhoneSimulator.ActiveCfg = Release|x86
		{CD5AB6A8-848F-4EFC-8BDE-8B26B967F1AB}.Release|iPhoneSimulator.Build.0 = Release|x86
		{CD5AB6A8-848F-4EFC-8BDE-8B26B967F1AB}.Release|iPhoneSimulator.Deploy.0 = Release|x86
		{CD5AB6A8-848F-4EFC-8BDE-8B26B967F1AB}.Release|x64.ActiveCfg = Release|x64
		{CD5AB6A8-848F-4EFC-8BDE-8B26B967F1AB}.Release|x64.Build.0 = Release|x64
		{CD5AB6A8-848F-4EFC-8BDE-8B26B967F1AB}.Release|x64.Deploy.0 = Release|x64
		{CD5AB6A8-848F-4EFC-8BDE-8B26B967F1AB}.Release|x86.ActiveCfg = Release|x86
		{CD5AB6A8-848F-4EFC-8BDE-8B26B967F1AB}.Release|x86.Build.0 = Release|x86
		{CD5AB6A8-848F-4EFC-8BDE-8B26B967F1AB}.Release|x86.Deploy.0 = Release|x86
		{A2C7DABF-62EB-4DC5-BA88-FC371F027A1B}.Ad-Hoc|Any CPU.ActiveCfg = Debug|Any CPU
		{A2C7DABF-62EB-4DC5-BA88-FC371F027A1B}.Ad-Hoc|Any CPU.Build.0 = Debug|Any CPU
		{A2C7DABF-62EB-4DC5-BA88-FC371F027A1B}.Ad-Hoc|Any CPU.Deploy.0 = Debug|Any CPU
		{A2C7DABF-62EB-4DC5-BA88-FC371F027A1B}.Ad-Hoc|ARM.ActiveCfg = Debug|Any CPU
		{A2C7DABF-62EB-4DC5-BA88-FC371F027A1B}.Ad-Hoc|ARM.Build.0 = Debug|Any CPU
		{A2C7DABF-62EB-4DC5-BA88-FC371F027A1B}.Ad-Hoc|ARM.Deploy.0 = Debug|Any CPU
		{A2C7DABF-62EB-4DC5-BA88-FC371F027A1B}.Ad-Hoc|iPhone.ActiveCfg = Debug|Any CPU
		{A2C7DABF-62EB-4DC5-BA88-FC371F027A1B}.Ad-Hoc|iPhone.Build.0 = Debug|Any CPU
		{A2C7DABF-62EB-4DC5-BA88-FC371F027A1B}.Ad-Hoc|iPhone.Deploy.0 = Debug|Any CPU
		{A2C7DABF-62EB-4DC5-BA88-FC371F027A1B}.Ad-Hoc|iPhoneSimulator.ActiveCfg = Debug|Any CPU
		{A2C7DABF-62EB-4DC5-BA88-FC371F027A1B}.Ad-Hoc|iPhoneSimulator.Build.0 = Debug|Any CPU
		{A2C7DABF-62EB-4DC5-BA88-FC371F027A1B}.Ad-Hoc|iPhoneSimulator.Deploy.0 = Debug|Any CPU
		{A2C7DABF-62EB-4DC5-BA88-FC371F027A1B}.Ad-Hoc|x64.ActiveCfg = Debug|Any CPU
		{A2C7DABF-62EB-4DC5-BA88-FC371F027A1B}.Ad-Hoc|x64.Build.0 = Debug|Any CPU
		{A2C7DABF-62EB-4DC5-BA88-FC371F027A1B}.Ad-Hoc|x64.Deploy.0 = Debug|Any CPU
		{A2C7DABF-62EB-4DC5-BA88-FC371F027A1B}.Ad-Hoc|x86.ActiveCfg = Debug|Any CPU
		{A2C7DABF-62EB-4DC5-BA88-FC371F027A1B}.Ad-Hoc|x86.Build.0 = Debug|Any CPU
		{A2C7DABF-62EB-4DC5-BA88-FC371F027A1B}.Ad-Hoc|x86.Deploy.0 = Debug|Any CPU
		{A2C7DABF-62EB-4DC5-BA88-FC371F027A1B}.AppStore|Any CPU.ActiveCfg = Debug|Any CPU
		{A2C7DABF-62EB-4DC5-BA88-FC371F027A1B}.AppStore|Any CPU.Build.0 = Debug|Any CPU
		{A2C7DABF-62EB-4DC5-BA88-FC371F027A1B}.AppStore|Any CPU.Deploy.0 = Debug|Any CPU
		{A2C7DABF-62EB-4DC5-BA88-FC371F027A1B}.AppStore|ARM.ActiveCfg = Debug|Any CPU
		{A2C7DABF-62EB-4DC5-BA88-FC371F027A1B}.AppStore|ARM.Build.0 = Debug|Any CPU
		{A2C7DABF-62EB-4DC5-BA88-FC371F027A1B}.AppStore|ARM.Deploy.0 = Debug|Any CPU
		{A2C7DABF-62EB-4DC5-BA88-FC371F027A1B}.AppStore|iPhone.ActiveCfg = Debug|Any CPU
		{A2C7DABF-62EB-4DC5-BA88-FC371F027A1B}.AppStore|iPhone.Build.0 = Debug|Any CPU
		{A2C7DABF-62EB-4DC5-BA88-FC371F027A1B}.AppStore|iPhone.Deploy.0 = Debug|Any CPU
		{A2C7DABF-62EB-4DC5-BA88-FC371F027A1B}.AppStore|iPhoneSimulator.ActiveCfg = Debug|Any CPU
		{A2C7DABF-62EB-4DC5-BA88-FC371F027A1B}.AppStore|iPhoneSimulator.Build.0 = Debug|Any CPU
		{A2C7DABF-62EB-4DC5-BA88-FC371F027A1B}.AppStore|iPhoneSimulator.Deploy.0 = Debug|Any CPU
		{A2C7DABF-62EB-4DC5-BA88-FC371F027A1B}.AppStore|x64.ActiveCfg = Debug|Any CPU
		{A2C7DABF-62EB-4DC5-BA88-FC371F027A1B}.AppStore|x64.Build.0 = Debug|Any CPU
		{A2C7DABF-62EB-4DC5-BA88-FC371F027A1B}.AppStore|x64.Deploy.0 = Debug|Any CPU
		{A2C7DABF-62EB-4DC5-BA88-FC371F027A1B}.AppStore|x86.ActiveCfg = Debug|Any CPU
		{A2C7DABF-62EB-4DC5-BA88-FC371F027A1B}.AppStore|x86.Build.0 = Debug|Any CPU
		{A2C7DABF-62EB-4DC5-BA88-FC371F027A1B}.AppStore|x86.Deploy.0 = Debug|Any CPU
		{A2C7DABF-62EB-4DC5-BA88-FC371F027A1B}.Debug|Any CPU.ActiveCfg = Debug|Any CPU
		{A2C7DABF-62EB-4DC5-BA88-FC371F027A1B}.Debug|Any CPU.Build.0 = Debug|Any CPU
		{A2C7DABF-62EB-4DC5-BA88-FC371F027A1B}.Debug|Any CPU.Deploy.0 = Debug|Any CPU
		{A2C7DABF-62EB-4DC5-BA88-FC371F027A1B}.Debug|ARM.ActiveCfg = Debug|Any CPU
		{A2C7DABF-62EB-4DC5-BA88-FC371F027A1B}.Debug|ARM.Build.0 = Debug|Any CPU
		{A2C7DABF-62EB-4DC5-BA88-FC371F027A1B}.Debug|ARM.Deploy.0 = Debug|Any CPU
		{A2C7DABF-62EB-4DC5-BA88-FC371F027A1B}.Debug|iPhone.ActiveCfg = Debug|Any CPU
		{A2C7DABF-62EB-4DC5-BA88-FC371F027A1B}.Debug|iPhone.Build.0 = Debug|Any CPU
		{A2C7DABF-62EB-4DC5-BA88-FC371F027A1B}.Debug|iPhone.Deploy.0 = Debug|Any CPU
		{A2C7DABF-62EB-4DC5-BA88-FC371F027A1B}.Debug|iPhoneSimulator.ActiveCfg = Debug|Any CPU
		{A2C7DABF-62EB-4DC5-BA88-FC371F027A1B}.Debug|iPhoneSimulator.Build.0 = Debug|Any CPU
		{A2C7DABF-62EB-4DC5-BA88-FC371F027A1B}.Debug|iPhoneSimulator.Deploy.0 = Debug|Any CPU
		{A2C7DABF-62EB-4DC5-BA88-FC371F027A1B}.Debug|x64.ActiveCfg = Debug|Any CPU
		{A2C7DABF-62EB-4DC5-BA88-FC371F027A1B}.Debug|x64.Build.0 = Debug|Any CPU
		{A2C7DABF-62EB-4DC5-BA88-FC371F027A1B}.Debug|x64.Deploy.0 = Debug|Any CPU
		{A2C7DABF-62EB-4DC5-BA88-FC371F027A1B}.Debug|x86.ActiveCfg = Debug|Any CPU
		{A2C7DABF-62EB-4DC5-BA88-FC371F027A1B}.Debug|x86.Build.0 = Debug|Any CPU
		{A2C7DABF-62EB-4DC5-BA88-FC371F027A1B}.Debug|x86.Deploy.0 = Debug|Any CPU
		{A2C7DABF-62EB-4DC5-BA88-FC371F027A1B}.Release|Any CPU.ActiveCfg = Release|Any CPU
		{A2C7DABF-62EB-4DC5-BA88-FC371F027A1B}.Release|Any CPU.Build.0 = Release|Any CPU
		{A2C7DABF-62EB-4DC5-BA88-FC371F027A1B}.Release|Any CPU.Deploy.0 = Release|Any CPU
		{A2C7DABF-62EB-4DC5-BA88-FC371F027A1B}.Release|ARM.ActiveCfg = Release|Any CPU
		{A2C7DABF-62EB-4DC5-BA88-FC371F027A1B}.Release|ARM.Build.0 = Release|Any CPU
		{A2C7DABF-62EB-4DC5-BA88-FC371F027A1B}.Release|ARM.Deploy.0 = Release|Any CPU
		{A2C7DABF-62EB-4DC5-BA88-FC371F027A1B}.Release|iPhone.ActiveCfg = Release|Any CPU
		{A2C7DABF-62EB-4DC5-BA88-FC371F027A1B}.Release|iPhone.Build.0 = Release|Any CPU
		{A2C7DABF-62EB-4DC5-BA88-FC371F027A1B}.Release|iPhone.Deploy.0 = Release|Any CPU
		{A2C7DABF-62EB-4DC5-BA88-FC371F027A1B}.Release|iPhoneSimulator.ActiveCfg = Release|Any CPU
		{A2C7DABF-62EB-4DC5-BA88-FC371F027A1B}.Release|iPhoneSimulator.Build.0 = Release|Any CPU
		{A2C7DABF-62EB-4DC5-BA88-FC371F027A1B}.Release|iPhoneSimulator.Deploy.0 = Release|Any CPU
		{A2C7DABF-62EB-4DC5-BA88-FC371F027A1B}.Release|x64.ActiveCfg = Release|Any CPU
		{A2C7DABF-62EB-4DC5-BA88-FC371F027A1B}.Release|x64.Build.0 = Release|Any CPU
		{A2C7DABF-62EB-4DC5-BA88-FC371F027A1B}.Release|x64.Deploy.0 = Release|Any CPU
		{A2C7DABF-62EB-4DC5-BA88-FC371F027A1B}.Release|x86.ActiveCfg = Release|Any CPU
		{A2C7DABF-62EB-4DC5-BA88-FC371F027A1B}.Release|x86.Build.0 = Release|Any CPU
		{A2C7DABF-62EB-4DC5-BA88-FC371F027A1B}.Release|x86.Deploy.0 = Release|Any CPU
	EndGlobalSection
	GlobalSection(SolutionProperties) = preSolution
		HideSolutionNode = FALSE
	EndGlobalSection
	GlobalSection(ExtensibilityGlobals) = postSolution
		SolutionGuid = {05C1169C-9DDA-4A31-91C5-F6A790612863}
	EndGlobalSection
EndGlobal
