
Microsoft Visual Studio Solution File, Format Version 12.00
# Visual Studio 15
VisualStudioVersion = 15.0.27703.2026
MinimumVisualStudioVersion = 10.0.40219.1
Project("{FAE04EC0-301F-11D3-BF4B-00C04F79EFBC}") = "Multi_Dimensional_TestGS", "Multi_Dimensional_TestGS\Multi_Dimensional_TestGS.csproj", "{6DC64E48-1F8D-4D9B-9D85-332522C46854}"
EndProject
Global
	GlobalSection(SolutionConfigurationPlatforms) = preSolution
		Debug|Any CPU = Debug|Any CPU
		Release|Any CPU = Release|Any CPU
	EndGlobalSection
	GlobalSection(ProjectConfigurationPlatforms) = postSolution
		{6DC64E48-1F8D-4D9B-9D85-332522C46854}.Debug|Any CPU.ActiveCfg = Debug|Any CPU
		{6DC64E48-1F8D-4D9B-9D85-332522C46854}.Debug|Any CPU.Build.0 = Debug|Any CPU
		{6DC64E48-1F8D-4D9B-9D85-332522C46854}.Release|Any CPU.ActiveCfg = Release|Any CPU
		{6DC64E48-1F8D-4D9B-9D85-332522C46854}.Release|Any CPU.Build.0 = Release|Any CPU
	EndGlobalSection
	GlobalSection(SolutionProperties) = preSolution
		HideSolutionNode = FALSE
	EndGlobalSection
	GlobalSection(ExtensibilityGlobals) = postSolution
		SolutionGuid = {F91C2E73-B0C8-4584-BF96-EC7714C61B8F}
	EndGlobalSection
EndGlobal
